
Microsoft Visual Studio Solution File, Format Version 12.00
# Visual Studio Version 17
VisualStudioVersion = 17.3.32929.385
MinimumVisualStudioVersion = 10.0.40219.1
Project("{9A19103F-16F7-4668-BE54-9A1E7A4F7556}") = "APIWrapper", "APIWrapper\APIWrapper.csproj", "{6E18357B-4800-41BC-9264-19D0C2867B7E}"
EndProject
Project("{9A19103F-16F7-4668-BE54-9A1E7A4F7556}") = "Employee.Wpf", "Employee.Wpf\Employee.Wpf.csproj", "{841A9343-193E-4F24-A103-BDE6154F2DA1}"
EndProject
Project("{FAE04EC0-301F-11D3-BF4B-00C04F79EFBC}") = "Employee.API", "Employee.API\Employee.API.csproj", "{98AE9AD9-A7B7-41CF-AB3A-16AAA7AD87C5}"
EndProject
Project("{FAE04EC0-301F-11D3-BF4B-00C04F79EFBC}") = "Employee.API.Test", "Employee.API.Test\Employee.API.Test.csproj", "{DA5C490A-1460-4E78-A025-DA05B29BEAAE}"
EndProject
Global
	GlobalSection(SolutionConfigurationPlatforms) = preSolution
		Debug|Any CPU = Debug|Any CPU
		Release|Any CPU = Release|Any CPU
	EndGlobalSection
	GlobalSection(ProjectConfigurationPlatforms) = postSolution
		{6E18357B-4800-41BC-9264-19D0C2867B7E}.Debug|Any CPU.ActiveCfg = Debug|Any CPU
		{6E18357B-4800-41BC-9264-19D0C2867B7E}.Debug|Any CPU.Build.0 = Debug|Any CPU
		{6E18357B-4800-41BC-9264-19D0C2867B7E}.Release|Any CPU.ActiveCfg = Release|Any CPU
		{6E18357B-4800-41BC-9264-19D0C2867B7E}.Release|Any CPU.Build.0 = Release|Any CPU
		{841A9343-193E-4F24-A103-BDE6154F2DA1}.Debug|Any CPU.ActiveCfg = Debug|Any CPU
		{841A9343-193E-4F24-A103-BDE6154F2DA1}.Debug|Any CPU.Build.0 = Debug|Any CPU
		{841A9343-193E-4F24-A103-BDE6154F2DA1}.Release|Any CPU.ActiveCfg = Release|Any CPU
		{841A9343-193E-4F24-A103-BDE6154F2DA1}.Release|Any CPU.Build.0 = Release|Any CPU
		{98AE9AD9-A7B7-41CF-AB3A-16AAA7AD87C5}.Debug|Any CPU.ActiveCfg = Debug|Any CPU
		{98AE9AD9-A7B7-41CF-AB3A-16AAA7AD87C5}.Debug|Any CPU.Build.0 = Debug|Any CPU
		{98AE9AD9-A7B7-41CF-AB3A-16AAA7AD87C5}.Release|Any CPU.ActiveCfg = Release|Any CPU
		{98AE9AD9-A7B7-41CF-AB3A-16AAA7AD87C5}.Release|Any CPU.Build.0 = Release|Any CPU
		{DA5C490A-1460-4E78-A025-DA05B29BEAAE}.Debug|Any CPU.ActiveCfg = Debug|Any CPU
		{DA5C490A-1460-4E78-A025-DA05B29BEAAE}.Debug|Any CPU.Build.0 = Debug|Any CPU
		{DA5C490A-1460-4E78-A025-DA05B29BEAAE}.Release|Any CPU.ActiveCfg = Release|Any CPU
		{DA5C490A-1460-4E78-A025-DA05B29BEAAE}.Release|Any CPU.Build.0 = Release|Any CPU
	EndGlobalSection
	GlobalSection(SolutionProperties) = preSolution
		HideSolutionNode = FALSE
	EndGlobalSection
	GlobalSection(ExtensibilityGlobals) = postSolution
		SolutionGuid = {0729017C-7136-40B2-89F3-80E98D96166F}
	EndGlobalSection
EndGlobal
